{
  "version": 4,
  "terraform_version": "1.3.4",
  "serial": 39,
  "lineage": "f991f3e8-23c4-2ef6-82c5-4555a8621042",
  "outputs": {},
  "resources": [
    {
      "mode": "data",
      "type": "aws_availability_zones",
      "name": "available",
      "provider": "provider[\"registry.terraform.io/hashicorp/aws\"]",
      "instances": [
        {
          "schema_version": 0,
          "attributes": {
            "all_availability_zones": null,
            "exclude_names": null,
            "exclude_zone_ids": null,
            "filter": null,
            "group_names": [
              "us-east-1-zg-1"
            ],
            "id": "us-east-1",
            "names": [
              "us-east-1a",
              "us-east-1b",
              "us-east-1c",
              "us-east-1d",
              "us-east-1e",
              "us-east-1f"
            ],
            "region": "us-east-1",
            "state": null,
            "timeouts": null,
            "zone_ids": [
              "use1-az4",
              "use1-az6",
              "use1-az1",
              "use1-az2",
              "use1-az3",
              "use1-az5"
            ]
          },
          "sensitive_attributes": []
        }
      ]
    },
    {
      "mode": "data",
      "type": "aws_security_group",
      "name": "rds_sg",
      "provider": "provider[\"registry.terraform.io/hashicorp/aws\"]",
      "instances": [
        {
          "schema_version": 0,
          "attributes": {
            "arn": "arn:aws:ec2:us-east-1:957446860331:security-group/sg-096e1e8174cb551f2",
            "description": "Created by RDS management console",
            "filter": [
              {
                "name": "group-name",
                "values": [
                  "db-sg"
                ]
              }
            ],
            "id": "sg-096e1e8174cb551f2",
            "name": "db-sg",
            "region": "us-east-1",
            "tags": {
              "Name": "rds-sg"
            },
            "timeouts": null,
            "vpc_id": "vpc-0a307ebe94103d950"
          },
          "sensitive_attributes": []
        }
      ]
    },
    {
      "mode": "data",
      "type": "aws_subnets",
      "name": "all_subnets",
      "provider": "provider[\"registry.terraform.io/hashicorp/aws\"]",
      "instances": [
        {
          "schema_version": 0,
          "attributes": {
            "filter": [
              {
                "name": "vpc-id",
                "values": [
                  "vpc-0a307ebe94103d950"
                ]
              }
            ],
            "id": "us-east-1",
            "ids": [
              "subnet-0677853c50773a544",
              "subnet-0b36836d23e560e36",
              "subnet-04a6e565af8f8ab71",
              "subnet-08e315c41a025188c",
              "subnet-0e163d912c953bf0d",
              "subnet-08d9a20903ec7b230"
            ],
            "region": "us-east-1",
            "tags": null,
            "timeouts": null
          },
          "sensitive_attributes": []
        }
      ]
    },
    {
      "mode": "data",
      "type": "aws_subnets",
      "name": "public_subnets",
      "provider": "provider[\"registry.terraform.io/hashicorp/aws\"]",
      "instances": [
        {
          "schema_version": 0,
          "attributes": {
            "filter": [
              {
                "name": "tag:Name",
                "values": [
                  "public-subnet-*"
                ]
              }
            ],
            "id": "us-east-1",
            "ids": [
              "subnet-0677853c50773a544",
              "subnet-0b36836d23e560e36",
              "subnet-04a6e565af8f8ab71",
              "subnet-08e315c41a025188c",
              "subnet-0e163d912c953bf0d",
              "subnet-08d9a20903ec7b230"
            ],
            "region": "us-east-1",
            "tags": null,
            "timeouts": null
          },
          "sensitive_attributes": []
        }
      ]
    },
    {
      "mode": "data",
      "type": "aws_vpc",
      "name": "default_vpc",
      "provider": "provider[\"registry.terraform.io/hashicorp/aws\"]",
      "instances": [
        {
          "schema_version": 0,
          "attributes": {
            "arn": "arn:aws:ec2:us-east-1:957446860331:vpc/vpc-0a307ebe94103d950",
            "cidr_block": "172.31.0.0/16",
            "cidr_block_associations": [
              {
                "association_id": "vpc-cidr-assoc-01d96525085ec830d",
                "cidr_block": "172.31.0.0/16",
                "state": "associated"
              }
            ],
            "default": true,
            "dhcp_options_id": "dopt-00f6953c215b6ff35",
            "enable_dns_hostnames": true,
            "enable_dns_support": true,
            "enable_network_address_usage_metrics": false,
            "filter": [
              {
                "name": "tag:Name",
                "values": [
                  "default-vpc"
                ]
              }
            ],
            "id": "vpc-0a307ebe94103d950",
            "instance_tenancy": "default",
            "ipv6_association_id": "",
            "ipv6_cidr_block": "",
            "main_route_table_id": "rtb-04eec138dd857b5dd",
            "owner_id": "957446860331",
            "region": "us-east-1",
            "state": null,
            "tags": {
              "Name": "default-vpc"
            },
            "timeouts": null
          },
          "sensitive_attributes": []
        }
      ]
    },
    {
      "mode": "managed",
      "type": "aws_db_subnet_group",
      "name": "rds_subnet_group",
      "provider": "provider[\"registry.terraform.io/hashicorp/aws\"]",
      "instances": [
        {
          "schema_version": 0,
          "attributes": {
            "arn": "arn:aws:rds:us-east-1:957446860331:subgrp:rds-cdc-subnet-group",
            "description": "Managed by Terraform",
            "id": "rds-cdc-subnet-group",
            "name": "rds-cdc-subnet-group",
            "name_prefix": "",
            "region": "us-east-1",
            "subnet_ids": [
              "subnet-0677853c50773a544",
              "subnet-0b36836d23e560e36"
            ],
            "supported_network_types": [
              "IPV4"
            ],
            "tags": {
              "Name": "rds-cdc-subnet-group"
            },
            "tags_all": {
              "Name": "rds-cdc-subnet-group"
            },
            "vpc_id": "vpc-0a307ebe94103d950"
          },
          "sensitive_attributes": [],
          "private": "bnVsbA==",
          "dependencies": [
            "data.aws_subnets.public_subnets"
          ],
          "create_before_destroy": true
        }
      ]
    },
    {
      "module": "module.rds_mysql_db",
      "mode": "data",
      "type": "aws_partition",
      "name": "current",
      "provider": "provider[\"registry.terraform.io/hashicorp/aws\"]",
      "instances": [
        {
          "schema_version": 0,
          "attributes": {
            "dns_suffix": "amazonaws.com",
            "id": "aws",
            "partition": "aws",
            "reverse_dns_prefix": "com.amazonaws"
          },
          "sensitive_attributes": []
        }
      ]
    },
    {
      "module": "module.rds_mysql_db",
      "mode": "managed",
      "type": "aws_db_parameter_group",
      "name": "this",
      "provider": "provider[\"registry.terraform.io/hashicorp/aws\"]",
      "instances": [
        {
          "index_key": 0,
          "schema_version": 0,
          "attributes": {
            "arn": "arn:aws:rds:us-east-1:957446860331:pg:rds-cdc-instance-params-20251030101616849100000001",
            "description": "Custom parameter group for MySQL RDS instances",
            "family": "aurora-mysql5.7",
            "id": "rds-cdc-instance-params-20251030101616849100000001",
            "name": "rds-cdc-instance-params-20251030101616849100000001",
            "name_prefix": "rds-cdc-instance-params-",
            "parameter": [],
            "region": "us-east-1",
            "skip_destroy": false,
            "tags": {
              "Name": "rds-cdc-cluster",
              "repo_url": "https://github.com/Gaurav2327/terraform-aws-msk-pipeline.git",
              "resource": "msk",
              "stack": "github-resources"
            },
            "tags_all": {
              "Name": "rds-cdc-cluster",
              "repo_url": "https://github.com/Gaurav2327/terraform-aws-msk-pipeline.git",
              "resource": "msk",
              "stack": "github-resources"
            }
          },
          "sensitive_attributes": [],
          "private": "bnVsbA==",
          "create_before_destroy": true
        }
      ]
    },
    {
      "module": "module.rds_mysql_db",
      "mode": "managed",
      "type": "aws_rds_cluster",
      "name": "this",
      "provider": "provider[\"registry.terraform.io/hashicorp/aws\"]",
      "instances": [
        {
          "index_key": 0,
          "schema_version": 1,
          "attributes": {
            "allocated_storage": 1,
            "allow_major_version_upgrade": false,
            "apply_immediately": true,
            "arn": "arn:aws:rds:us-east-1:957446860331:cluster:rds-cdc-cluster",
            "availability_zones": [
              "us-east-1a",
              "us-east-1b",
              "us-east-1d"
            ],
            "backtrack_window": 0,
            "backup_retention_period": 1,
            "ca_certificate_identifier": null,
            "ca_certificate_valid_till": null,
            "cluster_identifier": "rds-cdc-cluster",
            "cluster_identifier_prefix": "",
            "cluster_members": [
              "rds-cdc-instance-cdc"
            ],
            "cluster_resource_id": "cluster-FVXH3ZMHRRFHXDSND7CBTHR2D4",
            "cluster_scalability_type": "",
            "copy_tags_to_snapshot": false,
            "database_insights_mode": "standard",
            "database_name": null,
            "db_cluster_instance_class": "",
            "db_cluster_parameter_group_name": "rds-cdc-cluster-params-20251030101616849600000002",
            "db_instance_parameter_group_name": null,
            "db_subnet_group_name": "rds-cdc-subnet-group",
            "db_system_id": "",
            "delete_automated_backups": true,
            "deletion_protection": false,
            "domain": "",
            "domain_iam_role_name": "",
            "enable_global_write_forwarding": false,
            "enable_http_endpoint": false,
            "enable_local_write_forwarding": false,
            "enabled_cloudwatch_logs_exports": [],
            "endpoint": "rds-cdc-cluster.cluster-ce9weeiuuzxw.us-east-1.rds.amazonaws.com",
            "engine": "aurora-mysql",
            "engine_lifecycle_support": "open-source-rds-extended-support",
            "engine_mode": "provisioned",
            "engine_version": "5.7.mysql_aurora.2.11.2",
            "engine_version_actual": "5.7.mysql_aurora.2.11.2",
            "final_snapshot_identifier": null,
            "global_cluster_identifier": "",
            "hosted_zone_id": "Z2R2ITUGPM61AM",
            "iam_database_authentication_enabled": false,
            "iam_roles": [],
            "id": "rds-cdc-cluster",
            "iops": 0,
            "kms_key_id": "arn:aws:kms:us-east-1:957446860331:key/30ecd5bb-b817-47e6-b290-a97b7bc635ad",
            "manage_master_user_password": true,
            "master_password": null,
            "master_password_wo": null,
            "master_password_wo_version": null,
            "master_user_secret": [
              {
                "kms_key_id": "arn:aws:kms:us-east-1:957446860331:key/52108500-9330-4447-beaf-c6f059f26734",
                "secret_arn": "arn:aws:secretsmanager:us-east-1:957446860331:secret:rds!cluster-85e77487-a827-4858-8915-0747401619f0-sUGkmi",
                "secret_status": "active"
              }
            ],
            "master_user_secret_kms_key_id": null,
            "master_username": "admin",
            "monitoring_interval": 0,
            "monitoring_role_arn": "",
            "network_type": "IPV4",
            "performance_insights_enabled": false,
            "performance_insights_kms_key_id": "",
            "performance_insights_retention_period": 0,
            "port": 3306,
            "preferred_backup_window": "02:00-03:00",
            "preferred_maintenance_window": "sun:05:00-sun:06:00",
            "reader_endpoint": "rds-cdc-cluster.cluster-ro-ce9weeiuuzxw.us-east-1.rds.amazonaws.com",
            "region": "us-east-1",
            "replication_source_identifier": "",
            "restore_to_point_in_time": [],
            "s3_import": [],
            "scaling_configuration": [],
            "serverlessv2_scaling_configuration": [],
            "skip_final_snapshot": true,
            "snapshot_identifier": null,
            "source_region": null,
            "storage_encrypted": true,
            "storage_type": "",
            "tags": {
              "Name": "rds-cdc-cluster",
              "repo_url": "https://github.com/Gaurav2327/terraform-aws-msk-pipeline.git",
              "resource": "msk",
              "stack": "github-resources"
            },
            "tags_all": {
              "Name": "rds-cdc-cluster",
              "repo_url": "https://github.com/Gaurav2327/terraform-aws-msk-pipeline.git",
              "resource": "msk",
              "stack": "github-resources"
            },
            "timeouts": {
              "create": null,
              "delete": null,
              "update": null
            },
            "vpc_security_group_ids": [
              "sg-096e1e8174cb551f2",
              "sg-0e5b55d4a3464e19f"
            ]
          },
          "sensitive_attributes": [],
          "private": "eyJlMmJmYjczMC1lY2FhLTExZTYtOGY4OC0zNDM2M2JjN2M0YzAiOnsiY3JlYXRlIjo3MjAwMDAwMDAwMDAwLCJkZWxldGUiOjcyMDAwMDAwMDAwMDAsInVwZGF0ZSI6NzIwMDAwMDAwMDAwMH0sInNjaGVtYV92ZXJzaW9uIjoiMSJ9",
          "dependencies": [
            "aws_db_subnet_group.rds_subnet_group",
            "data.aws_security_group.rds_sg",
            "data.aws_subnets.public_subnets",
            "data.aws_vpc.default_vpc",
            "module.rds_mysql_db.aws_cloudwatch_log_group.this",
            "module.rds_mysql_db.aws_db_subnet_group.this",
            "module.rds_mysql_db.aws_iam_role.rds_enhanced_monitoring",
            "module.rds_mysql_db.aws_rds_cluster_parameter_group.this",
            "module.rds_mysql_db.aws_security_group.this",
            "module.rds_mysql_db.data.aws_iam_policy_document.monitoring_rds_assume_role"
          ],
          "create_before_destroy": true
        }
      ]
    },
    {
      "module": "module.rds_mysql_db",
      "mode": "managed",
      "type": "aws_rds_cluster_instance",
      "name": "this",
      "provider": "provider[\"registry.terraform.io/hashicorp/aws\"]",
      "instances": [
        {
          "index_key": "main",
          "schema_version": 0,
          "attributes": {
            "apply_immediately": true,
            "arn": "arn:aws:rds:us-east-1:957446860331:db:rds-cdc-instance-cdc",
            "auto_minor_version_upgrade": true,
            "availability_zone": "us-east-1a",
            "ca_cert_identifier": "rds-ca-rsa2048-g1",
            "cluster_identifier": "rds-cdc-cluster",
            "copy_tags_to_snapshot": false,
            "custom_iam_instance_profile": "",
            "db_parameter_group_name": "rds-cdc-instance-params-20251030101616849100000001",
            "db_subnet_group_name": "rds-cdc-subnet-group",
            "dbi_resource_id": "db-SBVHJW5JQ3YOBICERUEXCTITQU",
            "endpoint": "rds-cdc-instance-cdc.ce9weeiuuzxw.us-east-1.rds.amazonaws.com",
            "engine": "aurora-mysql",
            "engine_version": "5.7.mysql_aurora.2.11.2",
            "engine_version_actual": "5.7.mysql_aurora.2.11.2",
            "force_destroy": false,
            "id": "rds-cdc-instance-cdc",
            "identifier": "rds-cdc-instance-cdc",
            "identifier_prefix": "",
            "instance_class": "db.t3.small",
            "kms_key_id": "arn:aws:kms:us-east-1:957446860331:key/30ecd5bb-b817-47e6-b290-a97b7bc635ad",
            "monitoring_interval": 0,
            "monitoring_role_arn": "",
            "network_type": "IPV4",
            "performance_insights_enabled": false,
            "performance_insights_kms_key_id": "",
            "performance_insights_retention_period": 0,
            "port": 3306,
            "preferred_backup_window": "02:00-03:00",
            "preferred_maintenance_window": "sun:05:00-sun:06:00",
            "promotion_tier": 0,
            "publicly_accessible": true,
            "region": "us-east-1",
            "storage_encrypted": true,
            "tags": {
              "Name": "rds-cdc-cluster",
              "repo_url": "https://github.com/Gaurav2327/terraform-aws-msk-pipeline.git",
              "resource": "msk",
              "stack": "github-resources"
            },
            "tags_all": {
              "Name": "rds-cdc-cluster",
              "repo_url": "https://github.com/Gaurav2327/terraform-aws-msk-pipeline.git",
              "resource": "msk",
              "stack": "github-resources"
            },
            "timeouts": {
              "create": null,
              "delete": null,
              "update": null
            },
            "writer": true
          },
          "sensitive_attributes": [],
          "private": "eyJlMmJmYjczMC1lY2FhLTExZTYtOGY4OC0zNDM2M2JjN2M0YzAiOnsiY3JlYXRlIjo1NDAwMDAwMDAwMDAwLCJkZWxldGUiOjU0MDAwMDAwMDAwMDAsInVwZGF0ZSI6NTQwMDAwMDAwMDAwMH19",
          "dependencies": [
            "aws_db_subnet_group.rds_subnet_group",
            "module.rds_mysql_db.aws_db_parameter_group.this",
            "module.rds_mysql_db.aws_db_subnet_group.this",
            "module.rds_mysql_db.aws_iam_role.rds_enhanced_monitoring",
            "module.rds_mysql_db.aws_rds_cluster.this"
          ],
          "create_before_destroy": true
        }
      ]
    },
    {
      "module": "module.rds_mysql_db",
      "mode": "managed",
      "type": "aws_rds_cluster_parameter_group",
      "name": "this",
      "provider": "provider[\"registry.terraform.io/hashicorp/aws\"]",
      "instances": [
        {
          "index_key": 0,
          "schema_version": 0,
          "attributes": {
            "arn": "arn:aws:rds:us-east-1:957446860331:cluster-pg:rds-cdc-cluster-params-20251030101616849600000002",
            "description": "Custom parameter group for MySQL RDS cluster",
            "family": "aurora-mysql5.7",
            "id": "rds-cdc-cluster-params-20251030101616849600000002",
            "name": "rds-cdc-cluster-params-20251030101616849600000002",
            "name_prefix": "rds-cdc-cluster-params-",
            "parameter": [
              {
                "apply_method": "pending-reboot",
                "name": "binlog_format",
                "value": "row"
              },
              {
                "apply_method": "pending-reboot",
                "name": "binlog_row_image",
                "value": "FULL"
              }
            ],
            "region": "us-east-1",
            "tags": {
              "Name": "rds-cdc-cluster",
              "repo_url": "https://github.com/Gaurav2327/terraform-aws-msk-pipeline.git",
              "resource": "msk",
              "stack": "github-resources"
            },
            "tags_all": {
              "Name": "rds-cdc-cluster",
              "repo_url": "https://github.com/Gaurav2327/terraform-aws-msk-pipeline.git",
              "resource": "msk",
              "stack": "github-resources"
            }
          },
          "sensitive_attributes": [],
          "private": "bnVsbA==",
          "create_before_destroy": true
        }
      ]
    },
    {
      "module": "module.rds_mysql_db",
      "mode": "managed",
      "type": "aws_security_group",
      "name": "this",
      "provider": "provider[\"registry.terraform.io/hashicorp/aws\"]",
      "instances": [
        {
          "index_key": 0,
          "schema_version": 1,
          "attributes": {
            "arn": "arn:aws:ec2:us-east-1:957446860331:security-group/sg-0e5b55d4a3464e19f",
            "description": "Control traffic to/from RDS Aurora rds-cdc-cluster",
            "egress": [],
            "id": "sg-0e5b55d4a3464e19f",
            "ingress": [],
            "name": "rds-cdc-cluster-20251030101616850200000003",
            "name_prefix": "rds-cdc-cluster-",
            "owner_id": "957446860331",
            "region": "us-east-1",
            "revoke_rules_on_delete": false,
            "tags": {
              "Name": "rds-cdc-cluster",
              "repo_url": "https://github.com/Gaurav2327/terraform-aws-msk-pipeline.git",
              "resource": "msk",
              "stack": "github-resources"
            },
            "tags_all": {
              "Name": "rds-cdc-cluster",
              "repo_url": "https://github.com/Gaurav2327/terraform-aws-msk-pipeline.git",
              "resource": "msk",
              "stack": "github-resources"
            },
            "timeouts": null,
            "vpc_id": "vpc-0a307ebe94103d950"
          },
          "sensitive_attributes": [],
          "private": "eyJlMmJmYjczMC1lY2FhLTExZTYtOGY4OC0zNDM2M2JjN2M0YzAiOnsiY3JlYXRlIjo2MDAwMDAwMDAwMDAsImRlbGV0ZSI6OTAwMDAwMDAwMDAwfSwic2NoZW1hX3ZlcnNpb24iOiIxIn0=",
          "dependencies": [
            "data.aws_vpc.default_vpc"
          ],
          "create_before_destroy": true
        }
      ]
    }
  ],
  "check_results": null
}
